
Microsoft Visual Studio Solution File, Format Version 12.00
# Visual Studio 2013
VisualStudioVersion = 12.0.30501.0
MinimumVisualStudioVersion = 10.0.40219.1
Project("{FAE04EC0-301F-11D3-BF4B-00C04F79EFBC}") = "EncogNNTest", "Source\EncogNNTest.csproj", "{54113486-09EC-4773-A7C6-35A1748F6AE4}"
EndProject
Project("{FAE04EC0-301F-11D3-BF4B-00C04F79EFBC}") = "AVI", "AVI\AVI.csproj", "{C79CB66F-D0C9-4C7A-A1C6-41356DBE83D7}"
EndProject
Global
	GlobalSection(SolutionConfigurationPlatforms) = preSolution
		Debug|Any CPU = Debug|Any CPU
		Debug|x86 = Debug|x86
		Release|Any CPU = Release|Any CPU
		Release|x86 = Release|x86
	EndGlobalSection
	GlobalSection(ProjectConfigurationPlatforms) = postSolution
		{54113486-09EC-4773-A7C6-35A1748F6AE4}.Debug|Any CPU.ActiveCfg = Debug|Any CPU
		{54113486-09EC-4773-A7C6-35A1748F6AE4}.Debug|Any CPU.Build.0 = Debug|Any CPU
		{54113486-09EC-4773-A7C6-35A1748F6AE4}.Debug|x86.ActiveCfg = Debug|x86
		{54113486-09EC-4773-A7C6-35A1748F6AE4}.Debug|x86.Build.0 = Debug|x86
		{54113486-09EC-4773-A7C6-35A1748F6AE4}.Release|Any CPU.ActiveCfg = Release|Any CPU
		{54113486-09EC-4773-A7C6-35A1748F6AE4}.Release|Any CPU.Build.0 = Release|Any CPU
		{54113486-09EC-4773-A7C6-35A1748F6AE4}.Release|x86.ActiveCfg = Release|x86
		{54113486-09EC-4773-A7C6-35A1748F6AE4}.Release|x86.Build.0 = Release|x86
		{C79CB66F-D0C9-4C7A-A1C6-41356DBE83D7}.Debug|Any CPU.ActiveCfg = Debug|Any CPU
		{C79CB66F-D0C9-4C7A-A1C6-41356DBE83D7}.Debug|Any CPU.Build.0 = Debug|Any CPU
		{C79CB66F-D0C9-4C7A-A1C6-41356DBE83D7}.Debug|x86.ActiveCfg = Debug|Any CPU
		{C79CB66F-D0C9-4C7A-A1C6-41356DBE83D7}.Release|Any CPU.ActiveCfg = Release|Any CPU
		{C79CB66F-D0C9-4C7A-A1C6-41356DBE83D7}.Release|Any CPU.Build.0 = Release|Any CPU
		{C79CB66F-D0C9-4C7A-A1C6-41356DBE83D7}.Release|x86.ActiveCfg = Release|Any CPU
	EndGlobalSection
	GlobalSection(SolutionProperties) = preSolution
		HideSolutionNode = FALSE
	EndGlobalSection
EndGlobal
